// !$*UTF8*$!
{
	archiveVersion = 1;
	classes = {
	};
	objectVersion = 50;
	objects = {

/* Begin PBXBuildFile section */
		403439E624F6A00800921C58 /* GFEmptyStateView.swift in Sources */ = {isa = PBXBuildFile; fileRef = 403439E524F6A00800921C58 /* GFEmptyStateView.swift */; };
		403439E824F79D1B00921C58 /* UserInfoVC.swift in Sources */ = {isa = PBXBuildFile; fileRef = 403439E724F79D1B00921C58 /* UserInfoVC.swift */; };
		4050C46D24F92D6100D42947 /* GFItemInfoView.swift in Sources */ = {isa = PBXBuildFile; fileRef = 4050C46C24F92D6100D42947 /* GFItemInfoView.swift */; };
		4050C46F24F936BE00D42947 /* GFItemInfoVC.swift in Sources */ = {isa = PBXBuildFile; fileRef = 4050C46E24F936BE00D42947 /* GFItemInfoVC.swift */; };
		4053051924F02D89000ED6EA /* GFError.swift in Sources */ = {isa = PBXBuildFile; fileRef = 4053051824F02D89000ED6EA /* GFError.swift */; };
		4062745424EE5AB500BF4775 /* AppDelegate.swift in Sources */ = {isa = PBXBuildFile; fileRef = 4062745324EE5AB500BF4775 /* AppDelegate.swift */; };
		4062745624EE5AB500BF4775 /* SceneDelegate.swift in Sources */ = {isa = PBXBuildFile; fileRef = 4062745524EE5AB500BF4775 /* SceneDelegate.swift */; };
		4062745D24EE5AB600BF4775 /* Assets.xcassets in Resources */ = {isa = PBXBuildFile; fileRef = 4062745C24EE5AB600BF4775 /* Assets.xcassets */; };
		4062746024EE5AB600BF4775 /* LaunchScreen.storyboard in Resources */ = {isa = PBXBuildFile; fileRef = 4062745E24EE5AB600BF4775 /* LaunchScreen.storyboard */; };
		4062746824EE666100BF4775 /* SearchVC.swift in Sources */ = {isa = PBXBuildFile; fileRef = 4062746724EE666100BF4775 /* SearchVC.swift */; };
		4062746A24EE66BE00BF4775 /* FavoritesListVC.swift in Sources */ = {isa = PBXBuildFile; fileRef = 4062746924EE66BE00BF4775 /* FavoritesListVC.swift */; };
		4062746C24EE6DAD00BF4775 /* GFButton.swift in Sources */ = {isa = PBXBuildFile; fileRef = 4062746B24EE6DAD00BF4775 /* GFButton.swift */; };
		4062746E24EE74BA00BF4775 /* GFTextField.swift in Sources */ = {isa = PBXBuildFile; fileRef = 4062746D24EE74BA00BF4775 /* GFTextField.swift */; };
		40697B8D24EFEFE800CD702D /* NetworkManager.swift in Sources */ = {isa = PBXBuildFile; fileRef = 40697B8C24EFEFE800CD702D /* NetworkManager.swift */; };
		4070950724F9018D005AF31B /* GFUserInfoHeaderVC.swift in Sources */ = {isa = PBXBuildFile; fileRef = 4070950624F9018D005AF31B /* GFUserInfoHeaderVC.swift */; };
		4070950924F901F1005AF31B /* GFSecondaryTitleLabel.swift in Sources */ = {isa = PBXBuildFile; fileRef = 4070950824F901F1005AF31B /* GFSecondaryTitleLabel.swift */; };
		4070950B24F907E6005AF31B /* Constants.swift in Sources */ = {isa = PBXBuildFile; fileRef = 4070950A24F907E6005AF31B /* Constants.swift */; };
		40B4DA4424EEB8430001E780 /* FollowersListVC.swift in Sources */ = {isa = PBXBuildFile; fileRef = 40B4DA4324EEB8430001E780 /* FollowersListVC.swift */; };
		40B4DA4624EEC4BA0001E780 /* GFTitleLabel.swift in Sources */ = {isa = PBXBuildFile; fileRef = 40B4DA4524EEC4BA0001E780 /* GFTitleLabel.swift */; };
		40C817AA24F65015003596B4 /* UIHelper.swift in Sources */ = {isa = PBXBuildFile; fileRef = 40C817A924F65015003596B4 /* UIHelper.swift */; };
		40CDD6DF24EFA49C0027EDA7 /* GFBodyLabel.swift in Sources */ = {isa = PBXBuildFile; fileRef = 40CDD6DE24EFA49C0027EDA7 /* GFBodyLabel.swift */; };
		40CDD6E124EFA5710027EDA7 /* GFAlertVC.swift in Sources */ = {isa = PBXBuildFile; fileRef = 40CDD6E024EFA5710027EDA7 /* GFAlertVC.swift */; };
		40CDD6E324EFAFD90027EDA7 /* UIViewController+Ext.swift in Sources */ = {isa = PBXBuildFile; fileRef = 40CDD6E224EFAFD90027EDA7 /* UIViewController+Ext.swift */; };
		40CDD6EB24EFE57B0027EDA7 /* Follower.swift in Sources */ = {isa = PBXBuildFile; fileRef = 40CDD6EA24EFE57B0027EDA7 /* Follower.swift */; };
		40CDD6ED24EFE6B70027EDA7 /* User.swift in Sources */ = {isa = PBXBuildFile; fileRef = 40CDD6EC24EFE6B70027EDA7 /* User.swift */; };
		40E22E9424F3A023001CFD54 /* FollowerCell.swift in Sources */ = {isa = PBXBuildFile; fileRef = 40E22E9324F3A023001CFD54 /* FollowerCell.swift */; };
		40E22E9824F3A0ED001CFD54 /* GFAvatarImageView.swift in Sources */ = {isa = PBXBuildFile; fileRef = 40E22E9724F3A0ED001CFD54 /* GFAvatarImageView.swift */; };
/* End PBXBuildFile section */

/* Begin PBXFileReference section */
		403439E524F6A00800921C58 /* GFEmptyStateView.swift */ = {isa = PBXFileReference; lastKnownFileType = sourcecode.swift; path = GFEmptyStateView.swift; sourceTree = "<group>"; };
		403439E724F79D1B00921C58 /* UserInfoVC.swift */ = {isa = PBXFileReference; lastKnownFileType = sourcecode.swift; path = UserInfoVC.swift; sourceTree = "<group>"; };
		4050C46C24F92D6100D42947 /* GFItemInfoView.swift */ = {isa = PBXFileReference; lastKnownFileType = sourcecode.swift; path = GFItemInfoView.swift; sourceTree = "<group>"; };
		4050C46E24F936BE00D42947 /* GFItemInfoVC.swift */ = {isa = PBXFileReference; lastKnownFileType = sourcecode.swift; path = GFItemInfoVC.swift; sourceTree = "<group>"; };
		4053051824F02D89000ED6EA /* GFError.swift */ = {isa = PBXFileReference; lastKnownFileType = sourcecode.swift; path = GFError.swift; sourceTree = "<group>"; };
		4062745024EE5AB500BF4775 /* GHFollowers.app */ = {isa = PBXFileReference; explicitFileType = wrapper.application; includeInIndex = 0; path = GHFollowers.app; sourceTree = BUILT_PRODUCTS_DIR; };
		4062745324EE5AB500BF4775 /* AppDelegate.swift */ = {isa = PBXFileReference; lastKnownFileType = sourcecode.swift; path = AppDelegate.swift; sourceTree = "<group>"; };
		4062745524EE5AB500BF4775 /* SceneDelegate.swift */ = {isa = PBXFileReference; lastKnownFileType = sourcecode.swift; path = SceneDelegate.swift; sourceTree = "<group>"; };
		4062745C24EE5AB600BF4775 /* Assets.xcassets */ = {isa = PBXFileReference; lastKnownFileType = folder.assetcatalog; path = Assets.xcassets; sourceTree = "<group>"; };
		4062745F24EE5AB600BF4775 /* Base */ = {isa = PBXFileReference; lastKnownFileType = file.storyboard; name = Base; path = Base.lproj/LaunchScreen.storyboard; sourceTree = "<group>"; };
		4062746124EE5AB600BF4775 /* Info.plist */ = {isa = PBXFileReference; lastKnownFileType = text.plist.xml; path = Info.plist; sourceTree = "<group>"; };
		4062746724EE666100BF4775 /* SearchVC.swift */ = {isa = PBXFileReference; lastKnownFileType = sourcecode.swift; path = SearchVC.swift; sourceTree = "<group>"; };
		4062746924EE66BE00BF4775 /* FavoritesListVC.swift */ = {isa = PBXFileReference; lastKnownFileType = sourcecode.swift; path = FavoritesListVC.swift; sourceTree = "<group>"; };
		4062746B24EE6DAD00BF4775 /* GFButton.swift */ = {isa = PBXFileReference; lastKnownFileType = sourcecode.swift; path = GFButton.swift; sourceTree = "<group>"; };
		4062746D24EE74BA00BF4775 /* GFTextField.swift */ = {isa = PBXFileReference; lastKnownFileType = sourcecode.swift; path = GFTextField.swift; sourceTree = "<group>"; };
		40697B8C24EFEFE800CD702D /* NetworkManager.swift */ = {isa = PBXFileReference; lastKnownFileType = sourcecode.swift; path = NetworkManager.swift; sourceTree = "<group>"; };
		4070950624F9018D005AF31B /* GFUserInfoHeaderVC.swift */ = {isa = PBXFileReference; lastKnownFileType = sourcecode.swift; path = GFUserInfoHeaderVC.swift; sourceTree = "<group>"; };
		4070950824F901F1005AF31B /* GFSecondaryTitleLabel.swift */ = {isa = PBXFileReference; lastKnownFileType = sourcecode.swift; path = GFSecondaryTitleLabel.swift; sourceTree = "<group>"; };
		4070950A24F907E6005AF31B /* Constants.swift */ = {isa = PBXFileReference; lastKnownFileType = sourcecode.swift; path = Constants.swift; sourceTree = "<group>"; };
		40B4DA4324EEB8430001E780 /* FollowersListVC.swift */ = {isa = PBXFileReference; lastKnownFileType = sourcecode.swift; path = FollowersListVC.swift; sourceTree = "<group>"; };
		40B4DA4524EEC4BA0001E780 /* GFTitleLabel.swift */ = {isa = PBXFileReference; lastKnownFileType = sourcecode.swift; path = GFTitleLabel.swift; sourceTree = "<group>"; };
		40C817A924F65015003596B4 /* UIHelper.swift */ = {isa = PBXFileReference; lastKnownFileType = sourcecode.swift; path = UIHelper.swift; sourceTree = "<group>"; };
		40CDD6DE24EFA49C0027EDA7 /* GFBodyLabel.swift */ = {isa = PBXFileReference; lastKnownFileType = sourcecode.swift; path = GFBodyLabel.swift; sourceTree = "<group>"; };
		40CDD6E024EFA5710027EDA7 /* GFAlertVC.swift */ = {isa = PBXFileReference; lastKnownFileType = sourcecode.swift; path = GFAlertVC.swift; sourceTree = "<group>"; };
		40CDD6E224EFAFD90027EDA7 /* UIViewController+Ext.swift */ = {isa = PBXFileReference; lastKnownFileType = sourcecode.swift; path = "UIViewController+Ext.swift"; sourceTree = "<group>"; };
		40CDD6EA24EFE57B0027EDA7 /* Follower.swift */ = {isa = PBXFileReference; lastKnownFileType = sourcecode.swift; path = Follower.swift; sourceTree = "<group>"; };
		40CDD6EC24EFE6B70027EDA7 /* User.swift */ = {isa = PBXFileReference; lastKnownFileType = sourcecode.swift; path = User.swift; sourceTree = "<group>"; };
		40E22E9324F3A023001CFD54 /* FollowerCell.swift */ = {isa = PBXFileReference; lastKnownFileType = sourcecode.swift; path = FollowerCell.swift; sourceTree = "<group>"; };
		40E22E9724F3A0ED001CFD54 /* GFAvatarImageView.swift */ = {isa = PBXFileReference; lastKnownFileType = sourcecode.swift; path = GFAvatarImageView.swift; sourceTree = "<group>"; };
/* End PBXFileReference section */

/* Begin PBXFrameworksBuildPhase section */
		4062744D24EE5AB400BF4775 /* Frameworks */ = {
			isa = PBXFrameworksBuildPhase;
			buildActionMask = 2147483647;
			files = (
			);
			runOnlyForDeploymentPostprocessing = 0;
		};
/* End PBXFrameworksBuildPhase section */

/* Begin PBXGroup section */
		403439DE24F69FAA00921C58 /* Views */ = {
			isa = PBXGroup;
			children = (
				403439E524F6A00800921C58 /* GFEmptyStateView.swift */,
				4050C46C24F92D6100D42947 /* GFItemInfoView.swift */,
			);
			path = Views;
			sourceTree = "<group>";
		};
		403439DF24F69FAF00921C58 /* Buttons */ = {
			isa = PBXGroup;
			children = (
				4062746B24EE6DAD00BF4775 /* GFButton.swift */,
			);
			path = Buttons;
			sourceTree = "<group>";
		};
		403439E024F69FB400921C58 /* TextFields */ = {
			isa = PBXGroup;
			children = (
				4062746D24EE74BA00BF4775 /* GFTextField.swift */,
			);
			path = TextFields;
			sourceTree = "<group>";
		};
		403439E224F69FC100921C58 /* ImageViews */ = {
			isa = PBXGroup;
			children = (
				40E22E9724F3A0ED001CFD54 /* GFAvatarImageView.swift */,
			);
			path = ImageViews;
			sourceTree = "<group>";
		};
		403439E324F69FC700921C58 /* ViewControllers */ = {
			isa = PBXGroup;
			children = (
				40CDD6E024EFA5710027EDA7 /* GFAlertVC.swift */,
				4070950624F9018D005AF31B /* GFUserInfoHeaderVC.swift */,
				4050C46E24F936BE00D42947 /* GFItemInfoVC.swift */,
			);
			path = ViewControllers;
			sourceTree = "<group>";
		};
		403439E424F69FDB00921C58 /* Labels */ = {
			isa = PBXGroup;
			children = (
				40B4DA4524EEC4BA0001E780 /* GFTitleLabel.swift */,
				40CDD6DE24EFA49C0027EDA7 /* GFBodyLabel.swift */,
				4070950824F901F1005AF31B /* GFSecondaryTitleLabel.swift */,
			);
			path = Labels;
			sourceTree = "<group>";
		};
		4053051724F02D66000ED6EA /* Utilities */ = {
			isa = PBXGroup;
			children = (
				4053051824F02D89000ED6EA /* GFError.swift */,
				40C817A924F65015003596B4 /* UIHelper.swift */,
				4070950A24F907E6005AF31B /* Constants.swift */,
			);
			path = Utilities;
			sourceTree = "<group>";
		};
		4062744724EE5AB400BF4775 = {
			isa = PBXGroup;
			children = (
				4062745224EE5AB500BF4775 /* GHFollowers */,
				4062745124EE5AB500BF4775 /* Products */,
			);
			sourceTree = "<group>";
		};
		4062745124EE5AB500BF4775 /* Products */ = {
			isa = PBXGroup;
			children = (
				4062745024EE5AB500BF4775 /* GHFollowers.app */,
			);
			name = Products;
			sourceTree = "<group>";
		};
		4062745224EE5AB500BF4775 /* GHFollowers */ = {
			isa = PBXGroup;
			children = (
				4053051724F02D66000ED6EA /* Utilities */,
				40697B8E24EFF01100CD702D /* Managers */,
				40CDD6E924EFE5680027EDA7 /* Model */,
				40CDD6E824EFCB620027EDA7 /* Support */,
				40CDD6E624EFC0A80027EDA7 /* Extensions */,
				40CDD6E524EFC07A0027EDA7 /* Custom Views */,
				40CDD6E424EFC0210027EDA7 /* Screens */,
			);
			path = GHFollowers;
			sourceTree = "<group>";
		};
		40697B8E24EFF01100CD702D /* Managers */ = {
			isa = PBXGroup;
			children = (
				40697B8C24EFEFE800CD702D /* NetworkManager.swift */,
			);
			path = Managers;
			sourceTree = "<group>";
		};
		40CDD6E424EFC0210027EDA7 /* Screens */ = {
			isa = PBXGroup;
			children = (
				4062746724EE666100BF4775 /* SearchVC.swift */,
				4062746924EE66BE00BF4775 /* FavoritesListVC.swift */,
				40B4DA4324EEB8430001E780 /* FollowersListVC.swift */,
				403439E724F79D1B00921C58 /* UserInfoVC.swift */,
			);
			path = Screens;
			sourceTree = "<group>";
		};
		40CDD6E524EFC07A0027EDA7 /* Custom Views */ = {
			isa = PBXGroup;
			children = (
				403439E424F69FDB00921C58 /* Labels */,
				403439E324F69FC700921C58 /* ViewControllers */,
				403439E224F69FC100921C58 /* ImageViews */,
				403439E024F69FB400921C58 /* TextFields */,
				403439DF24F69FAF00921C58 /* Buttons */,
				403439DE24F69FAA00921C58 /* Views */,
				40E22E9224F3A006001CFD54 /* Cells */,
			);
			path = "Custom Views";
			sourceTree = "<group>";
		};
		40CDD6E624EFC0A80027EDA7 /* Extensions */ = {
			isa = PBXGroup;
			children = (
				40CDD6E224EFAFD90027EDA7 /* UIViewController+Ext.swift */,
			);
			path = Extensions;
			sourceTree = "<group>";
		};
		40CDD6E824EFCB620027EDA7 /* Support */ = {
			isa = PBXGroup;
			children = (
				4062745C24EE5AB600BF4775 /* Assets.xcassets */,
				4062745E24EE5AB600BF4775 /* LaunchScreen.storyboard */,
				4062746124EE5AB600BF4775 /* Info.plist */,
				4062745324EE5AB500BF4775 /* AppDelegate.swift */,
				4062745524EE5AB500BF4775 /* SceneDelegate.swift */,
			);
			name = Support;
			sourceTree = "<group>";
		};
		40CDD6E924EFE5680027EDA7 /* Model */ = {
			isa = PBXGroup;
			children = (
				40CDD6EA24EFE57B0027EDA7 /* Follower.swift */,
				40CDD6EC24EFE6B70027EDA7 /* User.swift */,
			);
			path = Model;
			sourceTree = "<group>";
		};
		40E22E9224F3A006001CFD54 /* Cells */ = {
			isa = PBXGroup;
			children = (
				40E22E9324F3A023001CFD54 /* FollowerCell.swift */,
			);
			path = Cells;
			sourceTree = "<group>";
		};
/* End PBXGroup section */

/* Begin PBXNativeTarget section */
		4062744F24EE5AB400BF4775 /* GHFollowers */ = {
			isa = PBXNativeTarget;
			buildConfigurationList = 4062746424EE5AB600BF4775 /* Build configuration list for PBXNativeTarget "GHFollowers" */;
			buildPhases = (
				4062744C24EE5AB400BF4775 /* Sources */,
				4062744D24EE5AB400BF4775 /* Frameworks */,
				4062744E24EE5AB400BF4775 /* Resources */,
			);
			buildRules = (
			);
			dependencies = (
			);
			name = GHFollowers;
			productName = GHFollowers;
			productReference = 4062745024EE5AB500BF4775 /* GHFollowers.app */;
			productType = "com.apple.product-type.application";
		};
/* End PBXNativeTarget section */

/* Begin PBXProject section */
		4062744824EE5AB400BF4775 /* Project object */ = {
			isa = PBXProject;
			attributes = {
				LastSwiftUpdateCheck = 1200;
				LastUpgradeCheck = 1200;
				TargetAttributes = {
					4062744F24EE5AB400BF4775 = {
						CreatedOnToolsVersion = 12.0;
					};
				};
			};
			buildConfigurationList = 4062744B24EE5AB400BF4775 /* Build configuration list for PBXProject "GHFollowers" */;
			compatibilityVersion = "Xcode 9.3";
			developmentRegion = en;
			hasScannedForEncodings = 0;
			knownRegions = (
				en,
				Base,
			);
			mainGroup = 4062744724EE5AB400BF4775;
			productRefGroup = 4062745124EE5AB500BF4775 /* Products */;
			projectDirPath = "";
			projectRoot = "";
			targets = (
				4062744F24EE5AB400BF4775 /* GHFollowers */,
			);
		};
/* End PBXProject section */

/* Begin PBXResourcesBuildPhase section */
		4062744E24EE5AB400BF4775 /* Resources */ = {
			isa = PBXResourcesBuildPhase;
			buildActionMask = 2147483647;
			files = (
				4062746024EE5AB600BF4775 /* LaunchScreen.storyboard in Resources */,
				4062745D24EE5AB600BF4775 /* Assets.xcassets in Resources */,
			);
			runOnlyForDeploymentPostprocessing = 0;
		};
/* End PBXResourcesBuildPhase section */

/* Begin PBXSourcesBuildPhase section */
		4062744C24EE5AB400BF4775 /* Sources */ = {
			isa = PBXSourcesBuildPhase;
			buildActionMask = 2147483647;
			files = (
				40CDD6ED24EFE6B70027EDA7 /* User.swift in Sources */,
				4062746E24EE74BA00BF4775 /* GFTextField.swift in Sources */,
				40B4DA4424EEB8430001E780 /* FollowersListVC.swift in Sources */,
				4062746A24EE66BE00BF4775 /* FavoritesListVC.swift in Sources */,
				40CDD6E324EFAFD90027EDA7 /* UIViewController+Ext.swift in Sources */,
				40C817AA24F65015003596B4 /* UIHelper.swift in Sources */,
				4050C46F24F936BE00D42947 /* GFItemInfoVC.swift in Sources */,
				4070950B24F907E6005AF31B /* Constants.swift in Sources */,
				40E22E9824F3A0ED001CFD54 /* GFAvatarImageView.swift in Sources */,
				4062746C24EE6DAD00BF4775 /* GFButton.swift in Sources */,
				40CDD6E124EFA5710027EDA7 /* GFAlertVC.swift in Sources */,
				4050C46D24F92D6100D42947 /* GFItemInfoView.swift in Sources */,
				40E22E9424F3A023001CFD54 /* FollowerCell.swift in Sources */,
				4053051924F02D89000ED6EA /* GFError.swift in Sources */,
				4070950724F9018D005AF31B /* GFUserInfoHeaderVC.swift in Sources */,
				40CDD6DF24EFA49C0027EDA7 /* GFBodyLabel.swift in Sources */,
				40CDD6EB24EFE57B0027EDA7 /* Follower.swift in Sources */,
				40B4DA4624EEC4BA0001E780 /* GFTitleLabel.swift in Sources */,
				4070950924F901F1005AF31B /* GFSecondaryTitleLabel.swift in Sources */,
				403439E624F6A00800921C58 /* GFEmptyStateView.swift in Sources */,
				40697B8D24EFEFE800CD702D /* NetworkManager.swift in Sources */,
				4062746824EE666100BF4775 /* SearchVC.swift in Sources */,
				4062745424EE5AB500BF4775 /* AppDelegate.swift in Sources */,
				4062745624EE5AB500BF4775 /* SceneDelegate.swift in Sources */,
				403439E824F79D1B00921C58 /* UserInfoVC.swift in Sources */,
			);
			runOnlyForDeploymentPostprocessing = 0;
		};
/* End PBXSourcesBuildPhase section */

/* Begin PBXVariantGroup section */
		4062745E24EE5AB600BF4775 /* LaunchScreen.storyboard */ = {
			isa = PBXVariantGroup;
			children = (
				4062745F24EE5AB600BF4775 /* Base */,
			);
			name = LaunchScreen.storyboard;
			sourceTree = "<group>";
		};
/* End PBXVariantGroup section */

/* Begin XCBuildConfiguration section */
		4062746224EE5AB600BF4775 /* Debug */ = {
			isa = XCBuildConfiguration;
			buildSettings = {
				ALWAYS_SEARCH_USER_PATHS = NO;
				CLANG_ANALYZER_NONNULL = YES;
				CLANG_ANALYZER_NUMBER_OBJECT_CONVERSION = YES_AGGRESSIVE;
				CLANG_CXX_LANGUAGE_STANDARD = "gnu++14";
				CLANG_CXX_LIBRARY = "libc++";
				CLANG_ENABLE_MODULES = YES;
				CLANG_ENABLE_OBJC_ARC = YES;
				CLANG_ENABLE_OBJC_WEAK = YES;
				CLANG_WARN_BLOCK_CAPTURE_AUTORELEASING = YES;
				CLANG_WARN_BOOL_CONVERSION = YES;
				CLANG_WARN_COMMA = YES;
				CLANG_WARN_CONSTANT_CONVERSION = YES;
				CLANG_WARN_DEPRECATED_OBJC_IMPLEMENTATIONS = YES;
				CLANG_WARN_DIRECT_OBJC_ISA_USAGE = YES_ERROR;
				CLANG_WARN_DOCUMENTATION_COMMENTS = YES;
				CLANG_WARN_EMPTY_BODY = YES;
				CLANG_WARN_ENUM_CONVERSION = YES;
				CLANG_WARN_INFINITE_RECURSION = YES;
				CLANG_WARN_INT_CONVERSION = YES;
				CLANG_WARN_NON_LITERAL_NULL_CONVERSION = YES;
				CLANG_WARN_OBJC_IMPLICIT_RETAIN_SELF = YES;
				CLANG_WARN_OBJC_LITERAL_CONVERSION = YES;
				CLANG_WARN_OBJC_ROOT_CLASS = YES_ERROR;
				CLANG_WARN_QUOTED_INCLUDE_IN_FRAMEWORK_HEADER = YES;
				CLANG_WARN_RANGE_LOOP_ANALYSIS = YES;
				CLANG_WARN_STRICT_PROTOTYPES = YES;
				CLANG_WARN_SUSPICIOUS_MOVE = YES;
				CLANG_WARN_UNGUARDED_AVAILABILITY = YES_AGGRESSIVE;
				CLANG_WARN_UNREACHABLE_CODE = YES;
				CLANG_WARN__DUPLICATE_METHOD_MATCH = YES;
				COPY_PHASE_STRIP = NO;
				DEBUG_INFORMATION_FORMAT = dwarf;
				ENABLE_STRICT_OBJC_MSGSEND = YES;
				ENABLE_TESTABILITY = YES;
				GCC_C_LANGUAGE_STANDARD = gnu11;
				GCC_DYNAMIC_NO_PIC = NO;
				GCC_NO_COMMON_BLOCKS = YES;
				GCC_OPTIMIZATION_LEVEL = 0;
				GCC_PREPROCESSOR_DEFINITIONS = (
					"DEBUG=1",
					"$(inherited)",
				);
				GCC_WARN_64_TO_32_BIT_CONVERSION = YES;
				GCC_WARN_ABOUT_RETURN_TYPE = YES_ERROR;
				GCC_WARN_UNDECLARED_SELECTOR = YES;
				GCC_WARN_UNINITIALIZED_AUTOS = YES_AGGRESSIVE;
				GCC_WARN_UNUSED_FUNCTION = YES;
				GCC_WARN_UNUSED_VARIABLE = YES;
				IPHONEOS_DEPLOYMENT_TARGET = 14.0;
				MTL_ENABLE_DEBUG_INFO = INCLUDE_SOURCE;
				MTL_FAST_MATH = YES;
				ONLY_ACTIVE_ARCH = YES;
				SDKROOT = iphoneos;
				SWIFT_ACTIVE_COMPILATION_CONDITIONS = DEBUG;
				SWIFT_OPTIMIZATION_LEVEL = "-Onone";
			};
			name = Debug;
		};
		4062746324EE5AB600BF4775 /* Release */ = {
			isa = XCBuildConfiguration;
			buildSettings = {
				ALWAYS_SEARCH_USER_PATHS = NO;
				CLANG_ANALYZER_NONNULL = YES;
				CLANG_ANALYZER_NUMBER_OBJECT_CONVERSION = YES_AGGRESSIVE;
				CLANG_CXX_LANGUAGE_STANDARD = "gnu++14";
				CLANG_CXX_LIBRARY = "libc++";
				CLANG_ENABLE_MODULES = YES;
				CLANG_ENABLE_OBJC_ARC = YES;
				CLANG_ENABLE_OBJC_WEAK = YES;
				CLANG_WARN_BLOCK_CAPTURE_AUTORELEASING = YES;
				CLANG_WARN_BOOL_CONVERSION = YES;
				CLANG_WARN_COMMA = YES;
				CLANG_WARN_CONSTANT_CONVERSION = YES;
				CLANG_WARN_DEPRECATED_OBJC_IMPLEMENTATIONS = YES;
				CLANG_WARN_DIRECT_OBJC_ISA_USAGE = YES_ERROR;
				CLANG_WARN_DOCUMENTATION_COMMENTS = YES;
				CLANG_WARN_EMPTY_BODY = YES;
				CLANG_WARN_ENUM_CONVERSION = YES;
				CLANG_WARN_INFINITE_RECURSION = YES;
				CLANG_WARN_INT_CONVERSION = YES;
				CLANG_WARN_NON_LITERAL_NULL_CONVERSION = YES;
				CLANG_WARN_OBJC_IMPLICIT_RETAIN_SELF = YES;
				CLANG_WARN_OBJC_LITERAL_CONVERSION = YES;
				CLANG_WARN_OBJC_ROOT_CLASS = YES_ERROR;
				CLANG_WARN_QUOTED_INCLUDE_IN_FRAMEWORK_HEADER = YES;
				CLANG_WARN_RANGE_LOOP_ANALYSIS = YES;
				CLANG_WARN_STRICT_PROTOTYPES = YES;
				CLANG_WARN_SUSPICIOUS_MOVE = YES;
				CLANG_WARN_UNGUARDED_AVAILABILITY = YES_AGGRESSIVE;
				CLANG_WARN_UNREACHABLE_CODE = YES;
				CLANG_WARN__DUPLICATE_METHOD_MATCH = YES;
				COPY_PHASE_STRIP = NO;
				DEBUG_INFORMATION_FORMAT = "dwarf-with-dsym";
				ENABLE_NS_ASSERTIONS = NO;
				ENABLE_STRICT_OBJC_MSGSEND = YES;
				GCC_C_LANGUAGE_STANDARD = gnu11;
				GCC_NO_COMMON_BLOCKS = YES;
				GCC_WARN_64_TO_32_BIT_CONVERSION = YES;
				GCC_WARN_ABOUT_RETURN_TYPE = YES_ERROR;
				GCC_WARN_UNDECLARED_SELECTOR = YES;
				GCC_WARN_UNINITIALIZED_AUTOS = YES_AGGRESSIVE;
				GCC_WARN_UNUSED_FUNCTION = YES;
				GCC_WARN_UNUSED_VARIABLE = YES;
				IPHONEOS_DEPLOYMENT_TARGET = 14.0;
				MTL_ENABLE_DEBUG_INFO = NO;
				MTL_FAST_MATH = YES;
				SDKROOT = iphoneos;
				SWIFT_COMPILATION_MODE = wholemodule;
				SWIFT_OPTIMIZATION_LEVEL = "-O";
				VALIDATE_PRODUCT = YES;
			};
			name = Release;
		};
		4062746524EE5AB600BF4775 /* Debug */ = {
			isa = XCBuildConfiguration;
			buildSettings = {
				ASSETCATALOG_COMPILER_APPICON_NAME = AppIcon;
				ASSETCATALOG_COMPILER_GLOBAL_ACCENT_COLOR_NAME = AccentColor;
				CODE_SIGN_STYLE = Automatic;
				DEVELOPMENT_TEAM = 3Y322LSDU5;
				INFOPLIST_FILE = GHFollowers/Info.plist;
				LD_RUNPATH_SEARCH_PATHS = (
					"$(inherited)",
					"@executable_path/Frameworks",
				);
				PRODUCT_BUNDLE_IDENTIFIER = com.zm1capps.GHFollowers;
				PRODUCT_NAME = "$(TARGET_NAME)";
				SWIFT_VERSION = 5.0;
				TARGETED_DEVICE_FAMILY = 1;
			};
			name = Debug;
		};
		4062746624EE5AB600BF4775 /* Release */ = {
			isa = XCBuildConfiguration;
			buildSettings = {
				ASSETCATALOG_COMPILER_APPICON_NAME = AppIcon;
				ASSETCATALOG_COMPILER_GLOBAL_ACCENT_COLOR_NAME = AccentColor;
				CODE_SIGN_STYLE = Automatic;
				DEVELOPMENT_TEAM = 3Y322LSDU5;
				INFOPLIST_FILE = GHFollowers/Info.plist;
				LD_RUNPATH_SEARCH_PATHS = (
					"$(inherited)",
					"@executable_path/Frameworks",
				);
				PRODUCT_BUNDLE_IDENTIFIER = com.zm1capps.GHFollowers;
				PRODUCT_NAME = "$(TARGET_NAME)";
				SWIFT_VERSION = 5.0;
				TARGETED_DEVICE_FAMILY = 1;
			};
			name = Release;
		};
/* End XCBuildConfiguration section */

/* Begin XCConfigurationList section */
		4062744B24EE5AB400BF4775 /* Build configuration list for PBXProject "GHFollowers" */ = {
			isa = XCConfigurationList;
			buildConfigurations = (
				4062746224EE5AB600BF4775 /* Debug */,
				4062746324EE5AB600BF4775 /* Release */,
			);
			defaultConfigurationIsVisible = 0;
			defaultConfigurationName = Release;
		};
		4062746424EE5AB600BF4775 /* Build configuration list for PBXNativeTarget "GHFollowers" */ = {
			isa = XCConfigurationList;
			buildConfigurations = (
				4062746524EE5AB600BF4775 /* Debug */,
				4062746624EE5AB600BF4775 /* Release */,
			);
			defaultConfigurationIsVisible = 0;
			defaultConfigurationName = Release;
		};
/* End XCConfigurationList section */
	};
	rootObject = 4062744824EE5AB400BF4775 /* Project object */;
}
